
Microsoft Visual Studio Solution File, Format Version 12.00
# Visual Studio 15
VisualStudioVersion = 15.0.28307.329
MinimumVisualStudioVersion = 10.0.40219.1
Project("{FAE04EC0-301F-11D3-BF4B-00C04F79EFBC}") = "AudioPlayer", "ChatApplication\AudioPlayer.csproj", "{3EDB7C46-1BAA-40A3-A619-2D9D57D324F0}"
EndProject
Global
	GlobalSection(SolutionConfigurationPlatforms) = preSolution
		Debug|Any CPU = Debug|Any CPU
		Release|Any CPU = Release|Any CPU
	EndGlobalSection
	GlobalSection(ProjectConfigurationPlatforms) = postSolution
		{3EDB7C46-1BAA-40A3-A619-2D9D57D324F0}.Debug|Any CPU.ActiveCfg = Debug|Any CPU
		{3EDB7C46-1BAA-40A3-A619-2D9D57D324F0}.Debug|Any CPU.Build.0 = Debug|Any CPU
		{3EDB7C46-1BAA-40A3-A619-2D9D57D324F0}.Release|Any CPU.ActiveCfg = Release|Any CPU
		{3EDB7C46-1BAA-40A3-A619-2D9D57D324F0}.Release|Any CPU.Build.0 = Release|Any CPU
	EndGlobalSection
	GlobalSection(SolutionProperties) = preSolution
		HideSolutionNode = FALSE
	EndGlobalSection
	GlobalSection(ExtensibilityGlobals) = postSolution
		SolutionGuid = {19A0C781-FD2B-4E97-BD42-D7A4873A4BA1}
	EndGlobalSection
EndGlobal
